
Microsoft Visual Studio Solution File, Format Version 12.00
# Visual Studio Version 16
VisualStudioVersion = 16.0.32929.386
MinimumVisualStudioVersion = 10.0.40219.1
Project("{9A19103F-16F7-4668-BE54-9A1E7A4F7556}") = "DataAccess", "DataAccess\DataAccess.csproj", "{5F42EAB3-D314-49D6-8B5E-F7EBBB6D82D5}"
EndProject
Project("{9A19103F-16F7-4668-BE54-9A1E7A4F7556}") = "Business", "Business\Business.csproj", "{02676B65-357E-459F-BA9F-85F84665E56A}"
EndProject
Project("{9A19103F-16F7-4668-BE54-9A1E7A4F7556}") = "Entities", "Entities\Entities.csproj", "{BF6B300C-3D05-4684-955F-00AB0BB79926}"
EndProject
Project("{9A19103F-16F7-4668-BE54-9A1E7A4F7556}") = "UI", "UI\UI.csproj", "{8771ABB9-7D88-49F2-888A-A5B62B6EC34A}"
EndProject
Project("{9A19103F-16F7-4668-BE54-9A1E7A4F7556}") = "Core", "Core\Core.csproj", "{C4D6336B-2767-4185-986E-649D040AE7D5}"
EndProject
Project("{FAE04EC0-301F-11D3-BF4B-00C04F79EFBC}") = "WebAPI", "WebAPI\WebAPI.csproj", "{5EBBEE22-7136-4360-BDE7-26A6FF4FF674}"
EndProject
Global
	GlobalSection(SolutionConfigurationPlatforms) = preSolution
		Debug|Any CPU = Debug|Any CPU
		Release|Any CPU = Release|Any CPU
	EndGlobalSection
	GlobalSection(ProjectConfigurationPlatforms) = postSolution
		{5F42EAB3-D314-49D6-8B5E-F7EBBB6D82D5}.Debug|Any CPU.ActiveCfg = Debug|Any CPU
		{5F42EAB3-D314-49D6-8B5E-F7EBBB6D82D5}.Debug|Any CPU.Build.0 = Debug|Any CPU
		{5F42EAB3-D314-49D6-8B5E-F7EBBB6D82D5}.Release|Any CPU.ActiveCfg = Release|Any CPU
		{5F42EAB3-D314-49D6-8B5E-F7EBBB6D82D5}.Release|Any CPU.Build.0 = Release|Any CPU
		{02676B65-357E-459F-BA9F-85F84665E56A}.Debug|Any CPU.ActiveCfg = Debug|Any CPU
		{02676B65-357E-459F-BA9F-85F84665E56A}.Debug|Any CPU.Build.0 = Debug|Any CPU
		{02676B65-357E-459F-BA9F-85F84665E56A}.Release|Any CPU.ActiveCfg = Release|Any CPU
		{02676B65-357E-459F-BA9F-85F84665E56A}.Release|Any CPU.Build.0 = Release|Any CPU
		{BF6B300C-3D05-4684-955F-00AB0BB79926}.Debug|Any CPU.ActiveCfg = Debug|Any CPU
		{BF6B300C-3D05-4684-955F-00AB0BB79926}.Debug|Any CPU.Build.0 = Debug|Any CPU
		{BF6B300C-3D05-4684-955F-00AB0BB79926}.Release|Any CPU.ActiveCfg = Release|Any CPU
		{BF6B300C-3D05-4684-955F-00AB0BB79926}.Release|Any CPU.Build.0 = Release|Any CPU
		{8771ABB9-7D88-49F2-888A-A5B62B6EC34A}.Debug|Any CPU.ActiveCfg = Debug|Any CPU
		{8771ABB9-7D88-49F2-888A-A5B62B6EC34A}.Debug|Any CPU.Build.0 = Debug|Any CPU
		{8771ABB9-7D88-49F2-888A-A5B62B6EC34A}.Release|Any CPU.ActiveCfg = Release|Any CPU
		{8771ABB9-7D88-49F2-888A-A5B62B6EC34A}.Release|Any CPU.Build.0 = Release|Any CPU
		{C4D6336B-2767-4185-986E-649D040AE7D5}.Debug|Any CPU.ActiveCfg = Debug|Any CPU
		{C4D6336B-2767-4185-986E-649D040AE7D5}.Debug|Any CPU.Build.0 = Debug|Any CPU
		{C4D6336B-2767-4185-986E-649D040AE7D5}.Release|Any CPU.ActiveCfg = Release|Any CPU
		{C4D6336B-2767-4185-986E-649D040AE7D5}.Release|Any CPU.Build.0 = Release|Any CPU
		{5EBBEE22-7136-4360-BDE7-26A6FF4FF674}.Debug|Any CPU.ActiveCfg = Debug|Any CPU
		{5EBBEE22-7136-4360-BDE7-26A6FF4FF674}.Debug|Any CPU.Build.0 = Debug|Any CPU
		{5EBBEE22-7136-4360-BDE7-26A6FF4FF674}.Release|Any CPU.ActiveCfg = Release|Any CPU
		{5EBBEE22-7136-4360-BDE7-26A6FF4FF674}.Release|Any CPU.Build.0 = Release|Any CPU
	EndGlobalSection
	GlobalSection(SolutionProperties) = preSolution
		HideSolutionNode = FALSE
	EndGlobalSection
	GlobalSection(ExtensibilityGlobals) = postSolution
		SolutionGuid = {4DBE48CA-2B55-4633-8817-C7F8F84DE44E}
	EndGlobalSection
EndGlobal
